
Microsoft Visual Studio Solution File, Format Version 12.00
# Visual Studio Version 16
VisualStudioVersion = 16.0.30621.155
MinimumVisualStudioVersion = 10.0.40219.1
Project("{FAE04EC0-301F-11D3-BF4B-00C04F79EFBC}") = "Smtp", "Smtp\Smtp.csproj", "{39A0C2DC-0F65-43D0-8B0F-F45896AD014E}"
EndProject
Project("{FAE04EC0-301F-11D3-BF4B-00C04F79EFBC}") = "WinSMTP", "WinSMTP\WinSMTP.csproj", "{980EE1C3-1D41-4F01-8D07-CABCCCE7426E}"
EndProject
Global
	GlobalSection(SolutionConfigurationPlatforms) = preSolution
		Debug|Any CPU = Debug|Any CPU
		Release|Any CPU = Release|Any CPU
	EndGlobalSection
	GlobalSection(ProjectConfigurationPlatforms) = postSolution
		{39A0C2DC-0F65-43D0-8B0F-F45896AD014E}.Debug|Any CPU.ActiveCfg = Debug|Any CPU
		{39A0C2DC-0F65-43D0-8B0F-F45896AD014E}.Debug|Any CPU.Build.0 = Debug|Any CPU
		{39A0C2DC-0F65-43D0-8B0F-F45896AD014E}.Release|Any CPU.ActiveCfg = Release|Any CPU
		{39A0C2DC-0F65-43D0-8B0F-F45896AD014E}.Release|Any CPU.Build.0 = Release|Any CPU
		{980EE1C3-1D41-4F01-8D07-CABCCCE7426E}.Debug|Any CPU.ActiveCfg = Debug|Any CPU
		{980EE1C3-1D41-4F01-8D07-CABCCCE7426E}.Debug|Any CPU.Build.0 = Debug|Any CPU
		{980EE1C3-1D41-4F01-8D07-CABCCCE7426E}.Release|Any CPU.ActiveCfg = Release|Any CPU
		{980EE1C3-1D41-4F01-8D07-CABCCCE7426E}.Release|Any CPU.Build.0 = Release|Any CPU
	EndGlobalSection
	GlobalSection(SolutionProperties) = preSolution
		HideSolutionNode = FALSE
	EndGlobalSection
	GlobalSection(ExtensibilityGlobals) = postSolution
		SolutionGuid = {6965CAEC-42D4-4D5D-AB0F-00491173950D}
	EndGlobalSection
EndGlobal
